
Microsoft Visual Studio Solution File, Format Version 12.00
# Visual Studio 14
VisualStudioVersion = 14.0.25420.1
MinimumVisualStudioVersion = 10.0.40219.1
Project("{8BC9CEB8-8B4A-11D0-8D11-00A0C91BC942}") = "PenterLIB", "penterlib\penterlib.vcxproj", "{3ABBA906-346F-4364-A30B-D2193E57B60E}"
EndProject
Project("{8BC9CEB8-8B4A-11D0-8D11-00A0C91BC942}") = "PenterKD", "penterkd\penterkd.vcxproj", "{CBF13F8A-0F47-4E25-AD0C-140193925EAC}"
EndProject
Global
	GlobalSection(SolutionConfigurationPlatforms) = preSolution
		Debug|x64 = Debug|x64
		Debug|x86 = Debug|x86
		Release|x64 = Release|x64
		Release|x86 = Release|x86
	EndGlobalSection
	GlobalSection(ProjectConfigurationPlatforms) = postSolution
		{3ABBA906-346F-4364-A30B-D2193E57B60E}.Debug|x64.ActiveCfg = Debug|x64
		{3ABBA906-346F-4364-A30B-D2193E57B60E}.Debug|x64.Build.0 = Debug|x64
		{3ABBA906-346F-4364-A30B-D2193E57B60E}.Debug|x64.Deploy.0 = Debug|x64
		{3ABBA906-346F-4364-A30B-D2193E57B60E}.Debug|x86.ActiveCfg = Debug|Win32
		{3ABBA906-346F-4364-A30B-D2193E57B60E}.Debug|x86.Build.0 = Debug|Win32
		{3ABBA906-346F-4364-A30B-D2193E57B60E}.Debug|x86.Deploy.0 = Debug|Win32
		{3ABBA906-346F-4364-A30B-D2193E57B60E}.Release|x64.ActiveCfg = Release|x64
		{3ABBA906-346F-4364-A30B-D2193E57B60E}.Release|x64.Build.0 = Release|x64
		{3ABBA906-346F-4364-A30B-D2193E57B60E}.Release|x64.Deploy.0 = Release|x64
		{3ABBA906-346F-4364-A30B-D2193E57B60E}.Release|x86.ActiveCfg = Release|Win32
		{3ABBA906-346F-4364-A30B-D2193E57B60E}.Release|x86.Build.0 = Release|Win32
		{3ABBA906-346F-4364-A30B-D2193E57B60E}.Release|x86.Deploy.0 = Release|Win32
		{CBF13F8A-0F47-4E25-AD0C-140193925EAC}.Debug|x64.ActiveCfg = Debug|x64
		{CBF13F8A-0F47-4E25-AD0C-140193925EAC}.Debug|x64.Build.0 = Debug|x64
		{CBF13F8A-0F47-4E25-AD0C-140193925EAC}.Debug|x86.ActiveCfg = Debug|Win32
		{CBF13F8A-0F47-4E25-AD0C-140193925EAC}.Debug|x86.Build.0 = Debug|Win32
		{CBF13F8A-0F47-4E25-AD0C-140193925EAC}.Release|x64.ActiveCfg = Release|x64
		{CBF13F8A-0F47-4E25-AD0C-140193925EAC}.Release|x64.Build.0 = Release|x64
		{CBF13F8A-0F47-4E25-AD0C-140193925EAC}.Release|x86.ActiveCfg = Release|Win32
		{CBF13F8A-0F47-4E25-AD0C-140193925EAC}.Release|x86.Build.0 = Release|Win32
	EndGlobalSection
	GlobalSection(SolutionProperties) = preSolution
		HideSolutionNode = FALSE
	EndGlobalSection
EndGlobal
